
Microsoft Visual Studio Solution File, Format Version 12.00
# Visual Studio Version 17
VisualStudioVersion = 17.5.33516.290
MinimumVisualStudioVersion = 10.0.40219.1
Project("{54A90642-561A-4BB1-A94E-469ADEE60C69}") = "Pong", "Pong\Pong.esproj", "{6EC86315-16E4-4263-AB68-FC8244E69EEF}"
EndProject
Global
	GlobalSection(SolutionConfigurationPlatforms) = preSolution
		Debug|Any CPU = Debug|Any CPU
		depurador|Any CPU = depurador|Any CPU
		Release|Any CPU = Release|Any CPU
	EndGlobalSection
	GlobalSection(ProjectConfigurationPlatforms) = postSolution
		{6EC86315-16E4-4263-AB68-FC8244E69EEF}.Debug|Any CPU.ActiveCfg = Debug|Any CPU
		{6EC86315-16E4-4263-AB68-FC8244E69EEF}.Debug|Any CPU.Build.0 = Debug|Any CPU
		{6EC86315-16E4-4263-AB68-FC8244E69EEF}.Debug|Any CPU.Deploy.0 = Debug|Any CPU
		{6EC86315-16E4-4263-AB68-FC8244E69EEF}.depurador|Any CPU.ActiveCfg = depurador|Any CPU
		{6EC86315-16E4-4263-AB68-FC8244E69EEF}.depurador|Any CPU.Build.0 = depurador|Any CPU
		{6EC86315-16E4-4263-AB68-FC8244E69EEF}.depurador|Any CPU.Deploy.0 = depurador|Any CPU
		{6EC86315-16E4-4263-AB68-FC8244E69EEF}.Release|Any CPU.ActiveCfg = Release|Any CPU
		{6EC86315-16E4-4263-AB68-FC8244E69EEF}.Release|Any CPU.Build.0 = Release|Any CPU
		{6EC86315-16E4-4263-AB68-FC8244E69EEF}.Release|Any CPU.Deploy.0 = Release|Any CPU
	EndGlobalSection
	GlobalSection(SolutionProperties) = preSolution
		HideSolutionNode = FALSE
	EndGlobalSection
	GlobalSection(ExtensibilityGlobals) = postSolution
		SolutionGuid = {CF1F50D4-1C33-4914-9396-6D863FE83FD4}
	EndGlobalSection
EndGlobal
